
Microsoft Visual Studio Solution File, Format Version 12.00
# Visual Studio Version 17
VisualStudioVersion = 17.10.35122.118
MinimumVisualStudioVersion = 10.0.40219.1
Project("{FAE04EC0-301F-11D3-BF4B-00C04F79EFBC}") = "WebAPI", "WebAPI\WebAPI.csproj", "{E64EAADF-4C7C-4921-AE45-89B102EE9A80}"
EndProject
Project("{FAE04EC0-301F-11D3-BF4B-00C04F79EFBC}") = "WebAPIMvc", "WebAPIMvc\WebAPIMvc.csproj", "{7D49B84E-35B0-47CA-A365-61BF8F39B355}"
EndProject
Global
	GlobalSection(SolutionConfigurationPlatforms) = preSolution
		Debug|Any CPU = Debug|Any CPU
		Release|Any CPU = Release|Any CPU
	EndGlobalSection
	GlobalSection(ProjectConfigurationPlatforms) = postSolution
		{E64EAADF-4C7C-4921-AE45-89B102EE9A80}.Debug|Any CPU.ActiveCfg = Debug|Any CPU
		{E64EAADF-4C7C-4921-AE45-89B102EE9A80}.Debug|Any CPU.Build.0 = Debug|Any CPU
		{E64EAADF-4C7C-4921-AE45-89B102EE9A80}.Release|Any CPU.ActiveCfg = Release|Any CPU
		{E64EAADF-4C7C-4921-AE45-89B102EE9A80}.Release|Any CPU.Build.0 = Release|Any CPU
		{7D49B84E-35B0-47CA-A365-61BF8F39B355}.Debug|Any CPU.ActiveCfg = Debug|Any CPU
		{7D49B84E-35B0-47CA-A365-61BF8F39B355}.Debug|Any CPU.Build.0 = Debug|Any CPU
		{7D49B84E-35B0-47CA-A365-61BF8F39B355}.Release|Any CPU.ActiveCfg = Release|Any CPU
		{7D49B84E-35B0-47CA-A365-61BF8F39B355}.Release|Any CPU.Build.0 = Release|Any CPU
	EndGlobalSection
	GlobalSection(SolutionProperties) = preSolution
		HideSolutionNode = FALSE
	EndGlobalSection
	GlobalSection(ExtensibilityGlobals) = postSolution
		SolutionGuid = {673FEEEE-EF55-4F43-AEE6-2974ED758597}
	EndGlobalSection
EndGlobal
